
Microsoft Visual Studio Solution File, Format Version 12.00
# Visual Studio Version 17
VisualStudioVersion = 17.7.34018.315
MinimumVisualStudioVersion = 10.0.40219.1
Project("{FAE04EC0-301F-11D3-BF4B-00C04F79EFBC}") = "kyrsken", "kyrsken\kyrsken.csproj", "{67B127F1-A0B7-4CF6-B2D9-8509B8240F78}"
EndProject
Global
	GlobalSection(SolutionConfigurationPlatforms) = preSolution
		Debug|Any CPU = Debug|Any CPU
		Release|Any CPU = Release|Any CPU
	EndGlobalSection
	GlobalSection(ProjectConfigurationPlatforms) = postSolution
		{67B127F1-A0B7-4CF6-B2D9-8509B8240F78}.Debug|Any CPU.ActiveCfg = Debug|Any CPU
		{67B127F1-A0B7-4CF6-B2D9-8509B8240F78}.Debug|Any CPU.Build.0 = Debug|Any CPU
		{67B127F1-A0B7-4CF6-B2D9-8509B8240F78}.Release|Any CPU.ActiveCfg = Release|Any CPU
		{67B127F1-A0B7-4CF6-B2D9-8509B8240F78}.Release|Any CPU.Build.0 = Release|Any CPU
	EndGlobalSection
	GlobalSection(SolutionProperties) = preSolution
		HideSolutionNode = FALSE
	EndGlobalSection
	GlobalSection(ExtensibilityGlobals) = postSolution
		SolutionGuid = {CDB016AA-45DE-4C93-A85F-5E35A9DE0031}
	EndGlobalSection
EndGlobal
